
Microsoft Visual Studio Solution File, Format Version 12.00
# Visual Studio Version 16
VisualStudioVersion = 16.0.29215.179
MinimumVisualStudioVersion = 10.0.40219.1
Project("{FAE04EC0-301F-11D3-BF4B-00C04F79EFBC}") = "CoreResume", "CoreResume\CoreResume.csproj", "{58901773-0957-4AB8-BDB9-AB8B77F31641}"
EndProject
Global
	GlobalSection(SolutionConfigurationPlatforms) = preSolution
		Debug|Any CPU = Debug|Any CPU
		Release|Any CPU = Release|Any CPU
	EndGlobalSection
	GlobalSection(ProjectConfigurationPlatforms) = postSolution
		{58901773-0957-4AB8-BDB9-AB8B77F31641}.Debug|Any CPU.ActiveCfg = Debug|Any CPU
		{58901773-0957-4AB8-BDB9-AB8B77F31641}.Debug|Any CPU.Build.0 = Debug|Any CPU
		{58901773-0957-4AB8-BDB9-AB8B77F31641}.Release|Any CPU.ActiveCfg = Release|Any CPU
		{58901773-0957-4AB8-BDB9-AB8B77F31641}.Release|Any CPU.Build.0 = Release|Any CPU
	EndGlobalSection
	GlobalSection(SolutionProperties) = preSolution
		HideSolutionNode = FALSE
	EndGlobalSection
	GlobalSection(ExtensibilityGlobals) = postSolution
		SolutionGuid = {B27ACCA4-D969-48CC-89FE-47E7C7971A63}
	EndGlobalSection
EndGlobal
